// !$*UTF8*$!
{
	archiveVersion = 1;
	classes = {
	};
	objectVersion = 56;
	objects = {

/* Begin PBXBuildFile section */
		E967CF862988E0C800C5242C /* AppDelegate.swift in Sources */ = {isa = PBXBuildFile; fileRef = E967CF852988E0C800C5242C /* AppDelegate.swift */; };
		E967CF882988E0C800C5242C /* SceneDelegate.swift in Sources */ = {isa = PBXBuildFile; fileRef = E967CF872988E0C800C5242C /* SceneDelegate.swift */; };
		E967CF8A2988E0C800C5242C /* ViewController.swift in Sources */ = {isa = PBXBuildFile; fileRef = E967CF892988E0C800C5242C /* ViewController.swift */; };
		E967CF8D2988E0C800C5242C /* Main.storyboard in Resources */ = {isa = PBXBuildFile; fileRef = E967CF8B2988E0C800C5242C /* Main.storyboard */; };
		E967CF8F2988E0C800C5242C /* Assets.xcassets in Resources */ = {isa = PBXBuildFile; fileRef = E967CF8E2988E0C800C5242C /* Assets.xcassets */; };
		E967CF922988E0C800C5242C /* LaunchScreen.storyboard in Resources */ = {isa = PBXBuildFile; fileRef = E967CF902988E0C800C5242C /* LaunchScreen.storyboard */; };
		E967CF9B2988E14900C5242C /* CustomCell.swift in Sources */ = {isa = PBXBuildFile; fileRef = E967CF992988E14900C5242C /* CustomCell.swift */; };
		E967CF9C2988E14900C5242C /* CustomCell.xib in Resources */ = {isa = PBXBuildFile; fileRef = E967CF9A2988E14900C5242C /* CustomCell.xib */; };
		E967CF9E2988E4B500C5242C /* FirstViewController.swift in Sources */ = {isa = PBXBuildFile; fileRef = E967CF9D2988E4B500C5242C /* FirstViewController.swift */; };
		E967CFA02988E4D300C5242C /* SecondViewController.swift in Sources */ = {isa = PBXBuildFile; fileRef = E967CF9F2988E4D300C5242C /* SecondViewController.swift */; };
/* End PBXBuildFile section */

/* Begin PBXFileReference section */
		E967CF822988E0C800C5242C /* CollectionView with container view.app */ = {isa = PBXFileReference; explicitFileType = wrapper.application; includeInIndex = 0; path = "CollectionView with container view.app"; sourceTree = BUILT_PRODUCTS_DIR; };
		E967CF852988E0C800C5242C /* AppDelegate.swift */ = {isa = PBXFileReference; lastKnownFileType = sourcecode.swift; path = AppDelegate.swift; sourceTree = "<group>"; };
		E967CF872988E0C800C5242C /* SceneDelegate.swift */ = {isa = PBXFileReference; lastKnownFileType = sourcecode.swift; path = SceneDelegate.swift; sourceTree = "<group>"; };
		E967CF892988E0C800C5242C /* ViewController.swift */ = {isa = PBXFileReference; lastKnownFileType = sourcecode.swift; path = ViewController.swift; sourceTree = "<group>"; };
		E967CF8C2988E0C800C5242C /* Base */ = {isa = PBXFileReference; lastKnownFileType = file.storyboard; name = Base; path = Base.lproj/Main.storyboard; sourceTree = "<group>"; };
		E967CF8E2988E0C800C5242C /* Assets.xcassets */ = {isa = PBXFileReference; lastKnownFileType = folder.assetcatalog; path = Assets.xcassets; sourceTree = "<group>"; };
		E967CF912988E0C800C5242C /* Base */ = {isa = PBXFileReference; lastKnownFileType = file.storyboard; name = Base; path = Base.lproj/LaunchScreen.storyboard; sourceTree = "<group>"; };
		E967CF932988E0C800C5242C /* Info.plist */ = {isa = PBXFileReference; lastKnownFileType = text.plist.xml; path = Info.plist; sourceTree = "<group>"; };
		E967CF992988E14900C5242C /* CustomCell.swift */ = {isa = PBXFileReference; lastKnownFileType = sourcecode.swift; path = CustomCell.swift; sourceTree = "<group>"; };
		E967CF9A2988E14900C5242C /* CustomCell.xib */ = {isa = PBXFileReference; lastKnownFileType = file.xib; path = CustomCell.xib; sourceTree = "<group>"; };
		E967CF9D2988E4B500C5242C /* FirstViewController.swift */ = {isa = PBXFileReference; lastKnownFileType = sourcecode.swift; name = FirstViewController.swift; path = Assets.xcassets/FirstViewController.swift; sourceTree = "<group>"; };
		E967CF9F2988E4D300C5242C /* SecondViewController.swift */ = {isa = PBXFileReference; lastKnownFileType = sourcecode.swift; path = SecondViewController.swift; sourceTree = "<group>"; };
/* End PBXFileReference section */

/* Begin PBXFrameworksBuildPhase section */
		E967CF7F2988E0C800C5242C /* Frameworks */ = {
			isa = PBXFrameworksBuildPhase;
			buildActionMask = 2147483647;
			files = (
			);
			runOnlyForDeploymentPostprocessing = 0;
		};
/* End PBXFrameworksBuildPhase section */

/* Begin PBXGroup section */
		E967CF792988E0C800C5242C = {
			isa = PBXGroup;
			children = (
				E967CF842988E0C800C5242C /* CollectionView with container view */,
				E967CF832988E0C800C5242C /* Products */,
			);
			sourceTree = "<group>";
		};
		E967CF832988E0C800C5242C /* Products */ = {
			isa = PBXGroup;
			children = (
				E967CF822988E0C800C5242C /* CollectionView with container view.app */,
			);
			name = Products;
			sourceTree = "<group>";
		};
		E967CF842988E0C800C5242C /* CollectionView with container view */ = {
			isa = PBXGroup;
			children = (
				E967CF852988E0C800C5242C /* AppDelegate.swift */,
				E967CF872988E0C800C5242C /* SceneDelegate.swift */,
				E967CF892988E0C800C5242C /* ViewController.swift */,
				E967CF9D2988E4B500C5242C /* FirstViewController.swift */,
				E967CF9F2988E4D300C5242C /* SecondViewController.swift */,
				E967CF8B2988E0C800C5242C /* Main.storyboard */,
				E967CF992988E14900C5242C /* CustomCell.swift */,
				E967CF9A2988E14900C5242C /* CustomCell.xib */,
				E967CF8E2988E0C800C5242C /* Assets.xcassets */,
				E967CF902988E0C800C5242C /* LaunchScreen.storyboard */,
				E967CF932988E0C800C5242C /* Info.plist */,
			);
			path = "CollectionView with container view";
			sourceTree = "<group>";
		};
/* End PBXGroup section */

/* Begin PBXNativeTarget section */
		E967CF812988E0C800C5242C /* CollectionView with container view */ = {
			isa = PBXNativeTarget;
			buildConfigurationList = E967CF962988E0C800C5242C /* Build configuration list for PBXNativeTarget "CollectionView with container view" */;
			buildPhases = (
				E967CF7E2988E0C800C5242C /* Sources */,
				E967CF7F2988E0C800C5242C /* Frameworks */,
				E967CF802988E0C800C5242C /* Resources */,
			);
			buildRules = (
			);
			dependencies = (
			);
			name = "CollectionView with container view";
			productName = "CollectionView with container view";
			productReference = E967CF822988E0C800C5242C /* CollectionView with container view.app */;
			productType = "com.apple.product-type.application";
		};
/* End PBXNativeTarget section */

/* Begin PBXProject section */
		E967CF7A2988E0C800C5242C /* Project object */ = {
			isa = PBXProject;
			attributes = {
				BuildIndependentTargetsInParallel = 1;
				LastSwiftUpdateCheck = 1420;
				LastUpgradeCheck = 1420;
				TargetAttributes = {
					E967CF812988E0C800C5242C = {
						CreatedOnToolsVersion = 14.2;
					};
				};
			};
			buildConfigurationList = E967CF7D2988E0C800C5242C /* Build configuration list for PBXProject "CollectionView with container view" */;
			compatibilityVersion = "Xcode 14.0";
			developmentRegion = en;
			hasScannedForEncodings = 0;
			knownRegions = (
				en,
				Base,
			);
			mainGroup = E967CF792988E0C800C5242C;
			productRefGroup = E967CF832988E0C800C5242C /* Products */;
			projectDirPath = "";
			projectRoot = "";
			targets = (
				E967CF812988E0C800C5242C /* CollectionView with container view */,
			);
		};
/* End PBXProject section */

/* Begin PBXResourcesBuildPhase section */
		E967CF802988E0C800C5242C /* Resources */ = {
			isa = PBXResourcesBuildPhase;
			buildActionMask = 2147483647;
			files = (
				E967CF922988E0C800C5242C /* LaunchScreen.storyboard in Resources */,
				E967CF8F2988E0C800C5242C /* Assets.xcassets in Resources */,
				E967CF9C2988E14900C5242C /* CustomCell.xib in Resources */,
				E967CF8D2988E0C800C5242C /* Main.storyboard in Resources */,
			);
			runOnlyForDeploymentPostprocessing = 0;
		};
/* End PBXResourcesBuildPhase section */

/* Begin PBXSourcesBuildPhase section */
		E967CF7E2988E0C800C5242C /* Sources */ = {
			isa = PBXSourcesBuildPhase;
			buildActionMask = 2147483647;
			files = (
				E967CFA02988E4D300C5242C /* SecondViewController.swift in Sources */,
				E967CF9E2988E4B500C5242C /* FirstViewController.swift in Sources */,
				E967CF8A2988E0C800C5242C /* ViewController.swift in Sources */,
				E967CF862988E0C800C5242C /* AppDelegate.swift in Sources */,
				E967CF9B2988E14900C5242C /* CustomCell.swift in Sources */,
				E967CF882988E0C800C5242C /* SceneDelegate.swift in Sources */,
			);
			runOnlyForDeploymentPostprocessing = 0;
		};
/* End PBXSourcesBuildPhase section */

/* Begin PBXVariantGroup section */
		E967CF8B2988E0C800C5242C /* Main.storyboard */ = {
			isa = PBXVariantGroup;
			children = (
				E967CF8C2988E0C800C5242C /* Base */,
			);
			name = Main.storyboard;
			sourceTree = "<group>";
		};
		E967CF902988E0C800C5242C /* LaunchScreen.storyboard */ = {
			isa = PBXVariantGroup;
			children = (
				E967CF912988E0C800C5242C /* Base */,
			);
			name = LaunchScreen.storyboard;
			sourceTree = "<group>";
		};
/* End PBXVariantGroup section */

/* Begin XCBuildConfiguration section */
		E967CF942988E0C800C5242C /* Debug */ = {
			isa = XCBuildConfiguration;
			buildSettings = {
				ALWAYS_SEARCH_USER_PATHS = NO;
				CLANG_ANALYZER_NONNULL = YES;
				CLANG_ANALYZER_NUMBER_OBJECT_CONVERSION = YES_AGGRESSIVE;
				CLANG_CXX_LANGUAGE_STANDARD = "gnu++20";
				CLANG_ENABLE_MODULES = YES;
				CLANG_ENABLE_OBJC_ARC = YES;
				CLANG_ENABLE_OBJC_WEAK = YES;
				CLANG_WARN_BLOCK_CAPTURE_AUTORELEASING = YES;
				CLANG_WARN_BOOL_CONVERSION = YES;
				CLANG_WARN_COMMA = YES;
				CLANG_WARN_CONSTANT_CONVERSION = YES;
				CLANG_WARN_DEPRECATED_OBJC_IMPLEMENTATIONS = YES;
				CLANG_WARN_DIRECT_OBJC_ISA_USAGE = YES_ERROR;
				CLANG_WARN_DOCUMENTATION_COMMENTS = YES;
				CLANG_WARN_EMPTY_BODY = YES;
				CLANG_WARN_ENUM_CONVERSION = YES;
				CLANG_WARN_INFINITE_RECURSION = YES;
				CLANG_WARN_INT_CONVERSION = YES;
				CLANG_WARN_NON_LITERAL_NULL_CONVERSION = YES;
				CLANG_WARN_OBJC_IMPLICIT_RETAIN_SELF = YES;
				CLANG_WARN_OBJC_LITERAL_CONVERSION = YES;
				CLANG_WARN_OBJC_ROOT_CLASS = YES_ERROR;
				CLANG_WARN_QUOTED_INCLUDE_IN_FRAMEWORK_HEADER = YES;
				CLANG_WARN_RANGE_LOOP_ANALYSIS = YES;
				CLANG_WARN_STRICT_PROTOTYPES = YES;
				CLANG_WARN_SUSPICIOUS_MOVE = YES;
				CLANG_WARN_UNGUARDED_AVAILABILITY = YES_AGGRESSIVE;
				CLANG_WARN_UNREACHABLE_CODE = YES;
				CLANG_WARN__DUPLICATE_METHOD_MATCH = YES;
				COPY_PHASE_STRIP = NO;
				DEBUG_INFORMATION_FORMAT = dwarf;
				ENABLE_STRICT_OBJC_MSGSEND = YES;
				ENABLE_TESTABILITY = YES;
				GCC_C_LANGUAGE_STANDARD = gnu11;
				GCC_DYNAMIC_NO_PIC = NO;
				GCC_NO_COMMON_BLOCKS = YES;
				GCC_OPTIMIZATION_LEVEL = 0;
				GCC_PREPROCESSOR_DEFINITIONS = (
					"DEBUG=1",
					"$(inherited)",
				);
				GCC_WARN_64_TO_32_BIT_CONVERSION = YES;
				GCC_WARN_ABOUT_RETURN_TYPE = YES_ERROR;
				GCC_WARN_UNDECLARED_SELECTOR = YES;
				GCC_WARN_UNINITIALIZED_AUTOS = YES_AGGRESSIVE;
				GCC_WARN_UNUSED_FUNCTION = YES;
				GCC_WARN_UNUSED_VARIABLE = YES;
				IPHONEOS_DEPLOYMENT_TARGET = 16.2;
				MTL_ENABLE_DEBUG_INFO = INCLUDE_SOURCE;
				MTL_FAST_MATH = YES;
				ONLY_ACTIVE_ARCH = YES;
				SDKROOT = iphoneos;
				SWIFT_ACTIVE_COMPILATION_CONDITIONS = DEBUG;
				SWIFT_OPTIMIZATION_LEVEL = "-Onone";
			};
			name = Debug;
		};
		E967CF952988E0C800C5242C /* Release */ = {
			isa = XCBuildConfiguration;
			buildSettings = {
				ALWAYS_SEARCH_USER_PATHS = NO;
				CLANG_ANALYZER_NONNULL = YES;
				CLANG_ANALYZER_NUMBER_OBJECT_CONVERSION = YES_AGGRESSIVE;
				CLANG_CXX_LANGUAGE_STANDARD = "gnu++20";
				CLANG_ENABLE_MODULES = YES;
				CLANG_ENABLE_OBJC_ARC = YES;
				CLANG_ENABLE_OBJC_WEAK = YES;
				CLANG_WARN_BLOCK_CAPTURE_AUTORELEASING = YES;
				CLANG_WARN_BOOL_CONVERSION = YES;
				CLANG_WARN_COMMA = YES;
				CLANG_WARN_CONSTANT_CONVERSION = YES;
				CLANG_WARN_DEPRECATED_OBJC_IMPLEMENTATIONS = YES;
				CLANG_WARN_DIRECT_OBJC_ISA_USAGE = YES_ERROR;
				CLANG_WARN_DOCUMENTATION_COMMENTS = YES;
				CLANG_WARN_EMPTY_BODY = YES;
				CLANG_WARN_ENUM_CONVERSION = YES;
				CLANG_WARN_INFINITE_RECURSION = YES;
				CLANG_WARN_INT_CONVERSION = YES;
				CLANG_WARN_NON_LITERAL_NULL_CONVERSION = YES;
				CLANG_WARN_OBJC_IMPLICIT_RETAIN_SELF = YES;
				CLANG_WARN_OBJC_LITERAL_CONVERSION = YES;
				CLANG_WARN_OBJC_ROOT_CLASS = YES_ERROR;
				CLANG_WARN_QUOTED_INCLUDE_IN_FRAMEWORK_HEADER = YES;
				CLANG_WARN_RANGE_LOOP_ANALYSIS = YES;
				CLANG_WARN_STRICT_PROTOTYPES = YES;
				CLANG_WARN_SUSPICIOUS_MOVE = YES;
				CLANG_WARN_UNGUARDED_AVAILABILITY = YES_AGGRESSIVE;
				CLANG_WARN_UNREACHABLE_CODE = YES;
				CLANG_WARN__DUPLICATE_METHOD_MATCH = YES;
				COPY_PHASE_STRIP = NO;
				DEBUG_INFORMATION_FORMAT = "dwarf-with-dsym";
				ENABLE_NS_ASSERTIONS = NO;
				ENABLE_STRICT_OBJC_MSGSEND = YES;
				GCC_C_LANGUAGE_STANDARD = gnu11;
				GCC_NO_COMMON_BLOCKS = YES;
				GCC_WARN_64_TO_32_BIT_CONVERSION = YES;
				GCC_WARN_ABOUT_RETURN_TYPE = YES_ERROR;
				GCC_WARN_UNDECLARED_SELECTOR = YES;
				GCC_WARN_UNINITIALIZED_AUTOS = YES_AGGRESSIVE;
				GCC_WARN_UNUSED_FUNCTION = YES;
				GCC_WARN_UNUSED_VARIABLE = YES;
				IPHONEOS_DEPLOYMENT_TARGET = 16.2;
				MTL_ENABLE_DEBUG_INFO = NO;
				MTL_FAST_MATH = YES;
				SDKROOT = iphoneos;
				SWIFT_COMPILATION_MODE = wholemodule;
				SWIFT_OPTIMIZATION_LEVEL = "-O";
				VALIDATE_PRODUCT = YES;
			};
			name = Release;
		};
		E967CF972988E0C800C5242C /* Debug */ = {
			isa = XCBuildConfiguration;
			buildSettings = {
				ASSETCATALOG_COMPILER_APPICON_NAME = AppIcon;
				ASSETCATALOG_COMPILER_GLOBAL_ACCENT_COLOR_NAME = AccentColor;
				CODE_SIGN_STYLE = Automatic;
				CURRENT_PROJECT_VERSION = 1;
				GENERATE_INFOPLIST_FILE = YES;
				INFOPLIST_FILE = "CollectionView with container view/Info.plist";
				INFOPLIST_KEY_UIApplicationSupportsIndirectInputEvents = YES;
				INFOPLIST_KEY_UILaunchStoryboardName = LaunchScreen;
				INFOPLIST_KEY_UIMainStoryboardFile = Main;
				INFOPLIST_KEY_UISupportedInterfaceOrientations_iPad = "UIInterfaceOrientationPortrait UIInterfaceOrientationPortraitUpsideDown UIInterfaceOrientationLandscapeLeft UIInterfaceOrientationLandscapeRight";
				INFOPLIST_KEY_UISupportedInterfaceOrientations_iPhone = "UIInterfaceOrientationPortrait UIInterfaceOrientationLandscapeLeft UIInterfaceOrientationLandscapeRight";
				LD_RUNPATH_SEARCH_PATHS = (
					"$(inherited)",
					"@executable_path/Frameworks",
				);
				MARKETING_VERSION = 1.0;
				PRODUCT_BUNDLE_IDENTIFIER = "com.pratik.CollectionView-with-container-view";
				PRODUCT_NAME = "$(TARGET_NAME)";
				SWIFT_EMIT_LOC_STRINGS = YES;
				SWIFT_VERSION = 5.0;
				TARGETED_DEVICE_FAMILY = "1,2";
			};
			name = Debug;
		};
		E967CF982988E0C800C5242C /* Release */ = {
			isa = XCBuildConfiguration;
			buildSettings = {
				ASSETCATALOG_COMPILER_APPICON_NAME = AppIcon;
				ASSETCATALOG_COMPILER_GLOBAL_ACCENT_COLOR_NAME = AccentColor;
				CODE_SIGN_STYLE = Automatic;
				CURRENT_PROJECT_VERSION = 1;
				GENERATE_INFOPLIST_FILE = YES;
				INFOPLIST_FILE = "CollectionView with container view/Info.plist";
				INFOPLIST_KEY_UIApplicationSupportsIndirectInputEvents = YES;
				INFOPLIST_KEY_UILaunchStoryboardName = LaunchScreen;
				INFOPLIST_KEY_UIMainStoryboardFile = Main;
				INFOPLIST_KEY_UISupportedInterfaceOrientations_iPad = "UIInterfaceOrientationPortrait UIInterfaceOrientationPortraitUpsideDown UIInterfaceOrientationLandscapeLeft UIInterfaceOrientationLandscapeRight";
				INFOPLIST_KEY_UISupportedInterfaceOrientations_iPhone = "UIInterfaceOrientationPortrait UIInterfaceOrientationLandscapeLeft UIInterfaceOrientationLandscapeRight";
				LD_RUNPATH_SEARCH_PATHS = (
					"$(inherited)",
					"@executable_path/Frameworks",
				);
				MARKETING_VERSION = 1.0;
				PRODUCT_BUNDLE_IDENTIFIER = "com.pratik.CollectionView-with-container-view";
				PRODUCT_NAME = "$(TARGET_NAME)";
				SWIFT_EMIT_LOC_STRINGS = YES;
				SWIFT_VERSION = 5.0;
				TARGETED_DEVICE_FAMILY = "1,2";
			};
			name = Release;
		};
/* End XCBuildConfiguration section */

/* Begin XCConfigurationList section */
		E967CF7D2988E0C800C5242C /* Build configuration list for PBXProject "CollectionView with container view" */ = {
			isa = XCConfigurationList;
			buildConfigurations = (
				E967CF942988E0C800C5242C /* Debug */,
				E967CF952988E0C800C5242C /* Release */,
			);
			defaultConfigurationIsVisible = 0;
			defaultConfigurationName = Release;
		};
		E967CF962988E0C800C5242C /* Build configuration list for PBXNativeTarget "CollectionView with container view" */ = {
			isa = XCConfigurationList;
			buildConfigurations = (
				E967CF972988E0C800C5242C /* Debug */,
				E967CF982988E0C800C5242C /* Release */,
			);
			defaultConfigurationIsVisible = 0;
			defaultConfigurationName = Release;
		};
/* End XCConfigurationList section */
	};
	rootObject = E967CF7A2988E0C800C5242C /* Project object */;
}
